
Microsoft Visual Studio Solution File, Format Version 12.00
# Visual Studio Version 17
VisualStudioVersion = 17.14.36616.10 d17.14
MinimumVisualStudioVersion = 10.0.40219.1
Project("{FAE04EC0-301F-11D3-BF4B-00C04F79EFBC}") = "LaboratorioConcurrencia", "LaboratorioConcurrencia.csproj", "{F7F1FE5A-DA71-A2F8-7C0E-996F10EAF102}"
EndProject
Global
	GlobalSection(SolutionConfigurationPlatforms) = preSolution
		Debug|Any CPU = Debug|Any CPU
		Release|Any CPU = Release|Any CPU
	EndGlobalSection
	GlobalSection(ProjectConfigurationPlatforms) = postSolution
		{F7F1FE5A-DA71-A2F8-7C0E-996F10EAF102}.Debug|Any CPU.ActiveCfg = Debug|Any CPU
		{F7F1FE5A-DA71-A2F8-7C0E-996F10EAF102}.Debug|Any CPU.Build.0 = Debug|Any CPU
		{F7F1FE5A-DA71-A2F8-7C0E-996F10EAF102}.Release|Any CPU.ActiveCfg = Release|Any CPU
		{F7F1FE5A-DA71-A2F8-7C0E-996F10EAF102}.Release|Any CPU.Build.0 = Release|Any CPU
	EndGlobalSection
	GlobalSection(SolutionProperties) = preSolution
		HideSolutionNode = FALSE
	EndGlobalSection
	GlobalSection(ExtensibilityGlobals) = postSolution
		SolutionGuid = {66E0D8C6-5ED2-4EF2-9B24-39287C31E571}
	EndGlobalSection
EndGlobal
